
Microsoft Visual Studio Solution File, Format Version 12.00
# Visual Studio 15
VisualStudioVersion = 15.0.28307.329
MinimumVisualStudioVersion = 10.0.40219.1
Project("{FAE04EC0-301F-11D3-BF4B-00C04F79EFBC}") = "MarriageCardGameTracker.UI", "MarriageCardGameTracker.UI\MarriageCardGameTracker.UI.csproj", "{11CD4143-F640-475D-B89A-63791529980C}"
EndProject
Global
	GlobalSection(SolutionConfigurationPlatforms) = preSolution
		Debug|Any CPU = Debug|Any CPU
		Release|Any CPU = Release|Any CPU
	EndGlobalSection
	GlobalSection(ProjectConfigurationPlatforms) = postSolution
		{11CD4143-F640-475D-B89A-63791529980C}.Debug|Any CPU.ActiveCfg = Debug|Any CPU
		{11CD4143-F640-475D-B89A-63791529980C}.Debug|Any CPU.Build.0 = Debug|Any CPU
		{11CD4143-F640-475D-B89A-63791529980C}.Release|Any CPU.ActiveCfg = Release|Any CPU
		{11CD4143-F640-475D-B89A-63791529980C}.Release|Any CPU.Build.0 = Release|Any CPU
	EndGlobalSection
	GlobalSection(SolutionProperties) = preSolution
		HideSolutionNode = FALSE
	EndGlobalSection
	GlobalSection(ExtensibilityGlobals) = postSolution
		SolutionGuid = {EDE37DD8-3BF6-4B38-93DA-554BD1773C17}
	EndGlobalSection
EndGlobal
